// !$*UTF8*$!
{
	archiveVersion = 1;
	classes = {
	};
	objectVersion = 46;
	objects = {

/* Begin PBXBuildFile section */
		0A0D73F51D3524FD00BC5527 /* main.m in Sources */ = {isa = PBXBuildFile; fileRef = 0A0D73F41D3524FD00BC5527 /* main.m */; };
		0A0D73F81D3524FD00BC5527 /* AppDelegate.m in Sources */ = {isa = PBXBuildFile; fileRef = 0A0D73F71D3524FD00BC5527 /* AppDelegate.m */; };
		0A0D73FB1D3524FD00BC5527 /* ViewController.m in Sources */ = {isa = PBXBuildFile; fileRef = 0A0D73FA1D3524FD00BC5527 /* ViewController.m */; };
		0A0D73FE1D3524FD00BC5527 /* Main.storyboard in Resources */ = {isa = PBXBuildFile; fileRef = 0A0D73FC1D3524FD00BC5527 /* Main.storyboard */; };
		0A0D74001D3524FD00BC5527 /* Assets.xcassets in Resources */ = {isa = PBXBuildFile; fileRef = 0A0D73FF1D3524FD00BC5527 /* Assets.xcassets */; };
		0A0D74031D3524FD00BC5527 /* LaunchScreen.storyboard in Resources */ = {isa = PBXBuildFile; fileRef = 0A0D74011D3524FD00BC5527 /* LaunchScreen.storyboard */; };
		0A0D740E1D3524FD00BC5527 /* KVRecycleBinTests.m in Sources */ = {isa = PBXBuildFile; fileRef = 0A0D740D1D3524FD00BC5527 /* KVRecycleBinTests.m */; };
		0A0D74191D3524FD00BC5527 /* KVRecycleBinUITests.m in Sources */ = {isa = PBXBuildFile; fileRef = 0A0D74181D3524FD00BC5527 /* KVRecycleBinUITests.m */; };
		0A0D74281D35253600BC5527 /* KVRecycleBinManager.m in Sources */ = {isa = PBXBuildFile; fileRef = 0A0D74271D35253600BC5527 /* KVRecycleBinManager.m */; };
/* End PBXBuildFile section */

/* Begin PBXContainerItemProxy section */
		0A0D740A1D3524FD00BC5527 /* PBXContainerItemProxy */ = {
			isa = PBXContainerItemProxy;
			containerPortal = 0A0D73E81D3524FC00BC5527 /* Project object */;
			proxyType = 1;
			remoteGlobalIDString = 0A0D73EF1D3524FC00BC5527;
			remoteInfo = KVRecycleBin;
		};
		0A0D74151D3524FD00BC5527 /* PBXContainerItemProxy */ = {
			isa = PBXContainerItemProxy;
			containerPortal = 0A0D73E81D3524FC00BC5527 /* Project object */;
			proxyType = 1;
			remoteGlobalIDString = 0A0D73EF1D3524FC00BC5527;
			remoteInfo = KVRecycleBin;
		};
/* End PBXContainerItemProxy section */

/* Begin PBXFileReference section */
		0A0D73F01D3524FD00BC5527 /* KVRecycleBin.app */ = {isa = PBXFileReference; explicitFileType = wrapper.application; includeInIndex = 0; path = KVRecycleBin.app; sourceTree = BUILT_PRODUCTS_DIR; };
		0A0D73F41D3524FD00BC5527 /* main.m */ = {isa = PBXFileReference; lastKnownFileType = sourcecode.c.objc; path = main.m; sourceTree = "<group>"; };
		0A0D73F61D3524FD00BC5527 /* AppDelegate.h */ = {isa = PBXFileReference; lastKnownFileType = sourcecode.c.h; path = AppDelegate.h; sourceTree = "<group>"; };
		0A0D73F71D3524FD00BC5527 /* AppDelegate.m */ = {isa = PBXFileReference; lastKnownFileType = sourcecode.c.objc; path = AppDelegate.m; sourceTree = "<group>"; };
		0A0D73F91D3524FD00BC5527 /* ViewController.h */ = {isa = PBXFileReference; lastKnownFileType = sourcecode.c.h; path = ViewController.h; sourceTree = "<group>"; };
		0A0D73FA1D3524FD00BC5527 /* ViewController.m */ = {isa = PBXFileReference; lastKnownFileType = sourcecode.c.objc; path = ViewController.m; sourceTree = "<group>"; };
		0A0D73FD1D3524FD00BC5527 /* Base */ = {isa = PBXFileReference; lastKnownFileType = file.storyboard; name = Base; path = Base.lproj/Main.storyboard; sourceTree = "<group>"; };
		0A0D73FF1D3524FD00BC5527 /* Assets.xcassets */ = {isa = PBXFileReference; lastKnownFileType = folder.assetcatalog; path = Assets.xcassets; sourceTree = "<group>"; };
		0A0D74021D3524FD00BC5527 /* Base */ = {isa = PBXFileReference; lastKnownFileType = file.storyboard; name = Base; path = Base.lproj/LaunchScreen.storyboard; sourceTree = "<group>"; };
		0A0D74041D3524FD00BC5527 /* Info.plist */ = {isa = PBXFileReference; lastKnownFileType = text.plist.xml; path = Info.plist; sourceTree = "<group>"; };
		0A0D74091D3524FD00BC5527 /* KVRecycleBinTests.xctest */ = {isa = PBXFileReference; explicitFileType = wrapper.cfbundle; includeInIndex = 0; path = KVRecycleBinTests.xctest; sourceTree = BUILT_PRODUCTS_DIR; };
		0A0D740D1D3524FD00BC5527 /* KVRecycleBinTests.m */ = {isa = PBXFileReference; lastKnownFileType = sourcecode.c.objc; path = KVRecycleBinTests.m; sourceTree = "<group>"; };
		0A0D740F1D3524FD00BC5527 /* Info.plist */ = {isa = PBXFileReference; lastKnownFileType = text.plist.xml; path = Info.plist; sourceTree = "<group>"; };
		0A0D74141D3524FD00BC5527 /* KVRecycleBinUITests.xctest */ = {isa = PBXFileReference; explicitFileType = wrapper.cfbundle; includeInIndex = 0; path = KVRecycleBinUITests.xctest; sourceTree = BUILT_PRODUCTS_DIR; };
		0A0D74181D3524FD00BC5527 /* KVRecycleBinUITests.m */ = {isa = PBXFileReference; lastKnownFileType = sourcecode.c.objc; path = KVRecycleBinUITests.m; sourceTree = "<group>"; };
		0A0D741A1D3524FD00BC5527 /* Info.plist */ = {isa = PBXFileReference; lastKnownFileType = text.plist.xml; path = Info.plist; sourceTree = "<group>"; };
		0A0D74261D35253600BC5527 /* KVRecycleBinManager.h */ = {isa = PBXFileReference; fileEncoding = 4; lastKnownFileType = sourcecode.c.h; path = KVRecycleBinManager.h; sourceTree = "<group>"; };
		0A0D74271D35253600BC5527 /* KVRecycleBinManager.m */ = {isa = PBXFileReference; fileEncoding = 4; lastKnownFileType = sourcecode.c.objc; path = KVRecycleBinManager.m; sourceTree = "<group>"; };
/* End PBXFileReference section */

/* Begin PBXFrameworksBuildPhase section */
		0A0D73ED1D3524FC00BC5527 /* Frameworks */ = {
			isa = PBXFrameworksBuildPhase;
			buildActionMask = 2147483647;
			files = (
			);
			runOnlyForDeploymentPostprocessing = 0;
		};
		0A0D74061D3524FD00BC5527 /* Frameworks */ = {
			isa = PBXFrameworksBuildPhase;
			buildActionMask = 2147483647;
			files = (
			);
			runOnlyForDeploymentPostprocessing = 0;
		};
		0A0D74111D3524FD00BC5527 /* Frameworks */ = {
			isa = PBXFrameworksBuildPhase;
			buildActionMask = 2147483647;
			files = (
			);
			runOnlyForDeploymentPostprocessing = 0;
		};
/* End PBXFrameworksBuildPhase section */

/* Begin PBXGroup section */
		0A0D73E71D3524FC00BC5527 = {
			isa = PBXGroup;
			children = (
				0A0D73F21D3524FD00BC5527 /* KVRecycleBin */,
				0A0D740C1D3524FD00BC5527 /* KVRecycleBinTests */,
				0A0D74171D3524FD00BC5527 /* KVRecycleBinUITests */,
				0A0D73F11D3524FD00BC5527 /* Products */,
			);
			sourceTree = "<group>";
		};
		0A0D73F11D3524FD00BC5527 /* Products */ = {
			isa = PBXGroup;
			children = (
				0A0D73F01D3524FD00BC5527 /* KVRecycleBin.app */,
				0A0D74091D3524FD00BC5527 /* KVRecycleBinTests.xctest */,
				0A0D74141D3524FD00BC5527 /* KVRecycleBinUITests.xctest */,
			);
			name = Products;
			sourceTree = "<group>";
		};
		0A0D73F21D3524FD00BC5527 /* KVRecycleBin */ = {
			isa = PBXGroup;
			children = (
				0A0D73F61D3524FD00BC5527 /* AppDelegate.h */,
				0A0D73F71D3524FD00BC5527 /* AppDelegate.m */,
				0A0D73F91D3524FD00BC5527 /* ViewController.h */,
				0A0D73FA1D3524FD00BC5527 /* ViewController.m */,
				0A0D74261D35253600BC5527 /* KVRecycleBinManager.h */,
				0A0D74271D35253600BC5527 /* KVRecycleBinManager.m */,
				0A0D73FC1D3524FD00BC5527 /* Main.storyboard */,
				0A0D73FF1D3524FD00BC5527 /* Assets.xcassets */,
				0A0D74011D3524FD00BC5527 /* LaunchScreen.storyboard */,
				0A0D74041D3524FD00BC5527 /* Info.plist */,
				0A0D73F31D3524FD00BC5527 /* Supporting Files */,
			);
			path = KVRecycleBin;
			sourceTree = "<group>";
		};
		0A0D73F31D3524FD00BC5527 /* Supporting Files */ = {
			isa = PBXGroup;
			children = (
				0A0D73F41D3524FD00BC5527 /* main.m */,
			);
			name = "Supporting Files";
			sourceTree = "<group>";
		};
		0A0D740C1D3524FD00BC5527 /* KVRecycleBinTests */ = {
			isa = PBXGroup;
			children = (
				0A0D740D1D3524FD00BC5527 /* KVRecycleBinTests.m */,
				0A0D740F1D3524FD00BC5527 /* Info.plist */,
			);
			path = KVRecycleBinTests;
			sourceTree = "<group>";
		};
		0A0D74171D3524FD00BC5527 /* KVRecycleBinUITests */ = {
			isa = PBXGroup;
			children = (
				0A0D74181D3524FD00BC5527 /* KVRecycleBinUITests.m */,
				0A0D741A1D3524FD00BC5527 /* Info.plist */,
			);
			path = KVRecycleBinUITests;
			sourceTree = "<group>";
		};
/* End PBXGroup section */

/* Begin PBXNativeTarget section */
		0A0D73EF1D3524FC00BC5527 /* KVRecycleBin */ = {
			isa = PBXNativeTarget;
			buildConfigurationList = 0A0D741D1D3524FD00BC5527 /* Build configuration list for PBXNativeTarget "KVRecycleBin" */;
			buildPhases = (
				0A0D73EC1D3524FC00BC5527 /* Sources */,
				0A0D73ED1D3524FC00BC5527 /* Frameworks */,
				0A0D73EE1D3524FC00BC5527 /* Resources */,
			);
			buildRules = (
			);
			dependencies = (
			);
			name = KVRecycleBin;
			productName = KVRecycleBin;
			productReference = 0A0D73F01D3524FD00BC5527 /* KVRecycleBin.app */;
			productType = "com.apple.product-type.application";
		};
		0A0D74081D3524FD00BC5527 /* KVRecycleBinTests */ = {
			isa = PBXNativeTarget;
			buildConfigurationList = 0A0D74201D3524FD00BC5527 /* Build configuration list for PBXNativeTarget "KVRecycleBinTests" */;
			buildPhases = (
				0A0D74051D3524FD00BC5527 /* Sources */,
				0A0D74061D3524FD00BC5527 /* Frameworks */,
				0A0D74071D3524FD00BC5527 /* Resources */,
			);
			buildRules = (
			);
			dependencies = (
				0A0D740B1D3524FD00BC5527 /* PBXTargetDependency */,
			);
			name = KVRecycleBinTests;
			productName = KVRecycleBinTests;
			productReference = 0A0D74091D3524FD00BC5527 /* KVRecycleBinTests.xctest */;
			productType = "com.apple.product-type.bundle.unit-test";
		};
		0A0D74131D3524FD00BC5527 /* KVRecycleBinUITests */ = {
			isa = PBXNativeTarget;
			buildConfigurationList = 0A0D74231D3524FD00BC5527 /* Build configuration list for PBXNativeTarget "KVRecycleBinUITests" */;
			buildPhases = (
				0A0D74101D3524FD00BC5527 /* Sources */,
				0A0D74111D3524FD00BC5527 /* Frameworks */,
				0A0D74121D3524FD00BC5527 /* Resources */,
			);
			buildRules = (
			);
			dependencies = (
				0A0D74161D3524FD00BC5527 /* PBXTargetDependency */,
			);
			name = KVRecycleBinUITests;
			productName = KVRecycleBinUITests;
			productReference = 0A0D74141D3524FD00BC5527 /* KVRecycleBinUITests.xctest */;
			productType = "com.apple.product-type.bundle.ui-testing";
		};
/* End PBXNativeTarget section */

/* Begin PBXProject section */
		0A0D73E81D3524FC00BC5527 /* Project object */ = {
			isa = PBXProject;
			attributes = {
				LastUpgradeCheck = 0730;
				ORGANIZATIONNAME = kevin;
				TargetAttributes = {
					0A0D73EF1D3524FC00BC5527 = {
						CreatedOnToolsVersion = 7.3.1;
					};
					0A0D74081D3524FD00BC5527 = {
						CreatedOnToolsVersion = 7.3.1;
						TestTargetID = 0A0D73EF1D3524FC00BC5527;
					};
					0A0D74131D3524FD00BC5527 = {
						CreatedOnToolsVersion = 7.3.1;
						TestTargetID = 0A0D73EF1D3524FC00BC5527;
					};
				};
			};
			buildConfigurationList = 0A0D73EB1D3524FC00BC5527 /* Build configuration list for PBXProject "KVRecycleBin" */;
			compatibilityVersion = "Xcode 3.2";
			developmentRegion = English;
			hasScannedForEncodings = 0;
			knownRegions = (
				en,
				Base,
			);
			mainGroup = 0A0D73E71D3524FC00BC5527;
			productRefGroup = 0A0D73F11D3524FD00BC5527 /* Products */;
			projectDirPath = "";
			projectRoot = "";
			targets = (
				0A0D73EF1D3524FC00BC5527 /* KVRecycleBin */,
				0A0D74081D3524FD00BC5527 /* KVRecycleBinTests */,
				0A0D74131D3524FD00BC5527 /* KVRecycleBinUITests */,
			);
		};
/* End PBXProject section */

/* Begin PBXResourcesBuildPhase section */
		0A0D73EE1D3524FC00BC5527 /* Resources */ = {
			isa = PBXResourcesBuildPhase;
			buildActionMask = 2147483647;
			files = (
				0A0D74031D3524FD00BC5527 /* LaunchScreen.storyboard in Resources */,
				0A0D74001D3524FD00BC5527 /* Assets.xcassets in Resources */,
				0A0D73FE1D3524FD00BC5527 /* Main.storyboard in Resources */,
			);
			runOnlyForDeploymentPostprocessing = 0;
		};
		0A0D74071D3524FD00BC5527 /* Resources */ = {
			isa = PBXResourcesBuildPhase;
			buildActionMask = 2147483647;
			files = (
			);
			runOnlyForDeploymentPostprocessing = 0;
		};
		0A0D74121D3524FD00BC5527 /* Resources */ = {
			isa = PBXResourcesBuildPhase;
			buildActionMask = 2147483647;
			files = (
			);
			runOnlyForDeploymentPostprocessing = 0;
		};
/* End PBXResourcesBuildPhase section */

/* Begin PBXSourcesBuildPhase section */
		0A0D73EC1D3524FC00BC5527 /* Sources */ = {
			isa = PBXSourcesBuildPhase;
			buildActionMask = 2147483647;
			files = (
				0A0D74281D35253600BC5527 /* KVRecycleBinManager.m in Sources */,
				0A0D73FB1D3524FD00BC5527 /* ViewController.m in Sources */,
				0A0D73F81D3524FD00BC5527 /* AppDelegate.m in Sources */,
				0A0D73F51D3524FD00BC5527 /* main.m in Sources */,
			);
			runOnlyForDeploymentPostprocessing = 0;
		};
		0A0D74051D3524FD00BC5527 /* Sources */ = {
			isa = PBXSourcesBuildPhase;
			buildActionMask = 2147483647;
			files = (
				0A0D740E1D3524FD00BC5527 /* KVRecycleBinTests.m in Sources */,
			);
			runOnlyForDeploymentPostprocessing = 0;
		};
		0A0D74101D3524FD00BC5527 /* Sources */ = {
			isa = PBXSourcesBuildPhase;
			buildActionMask = 2147483647;
			files = (
				0A0D74191D3524FD00BC5527 /* KVRecycleBinUITests.m in Sources */,
			);
			runOnlyForDeploymentPostprocessing = 0;
		};
/* End PBXSourcesBuildPhase section */

/* Begin PBXTargetDependency section */
		0A0D740B1D3524FD00BC5527 /* PBXTargetDependency */ = {
			isa = PBXTargetDependency;
			target = 0A0D73EF1D3524FC00BC5527 /* KVRecycleBin */;
			targetProxy = 0A0D740A1D3524FD00BC5527 /* PBXContainerItemProxy */;
		};
		0A0D74161D3524FD00BC5527 /* PBXTargetDependency */ = {
			isa = PBXTargetDependency;
			target = 0A0D73EF1D3524FC00BC5527 /* KVRecycleBin */;
			targetProxy = 0A0D74151D3524FD00BC5527 /* PBXContainerItemProxy */;
		};
/* End PBXTargetDependency section */

/* Begin PBXVariantGroup section */
		0A0D73FC1D3524FD00BC5527 /* Main.storyboard */ = {
			isa = PBXVariantGroup;
			children = (
				0A0D73FD1D3524FD00BC5527 /* Base */,
			);
			name = Main.storyboard;
			sourceTree = "<group>";
		};
		0A0D74011D3524FD00BC5527 /* LaunchScreen.storyboard */ = {
			isa = PBXVariantGroup;
			children = (
				0A0D74021D3524FD00BC5527 /* Base */,
			);
			name = LaunchScreen.storyboard;
			sourceTree = "<group>";
		};
/* End PBXVariantGroup section */

/* Begin XCBuildConfiguration section */
		0A0D741B1D3524FD00BC5527 /* Debug */ = {
			isa = XCBuildConfiguration;
			buildSettings = {
				ALWAYS_SEARCH_USER_PATHS = NO;
				CLANG_ANALYZER_NONNULL = YES;
				CLANG_CXX_LANGUAGE_STANDARD = "gnu++0x";
				CLANG_CXX_LIBRARY = "libc++";
				CLANG_ENABLE_MODULES = YES;
				CLANG_ENABLE_OBJC_ARC = YES;
				CLANG_WARN_BOOL_CONVERSION = YES;
				CLANG_WARN_CONSTANT_CONVERSION = YES;
				CLANG_WARN_DIRECT_OBJC_ISA_USAGE = YES_ERROR;
				CLANG_WARN_EMPTY_BODY = YES;
				CLANG_WARN_ENUM_CONVERSION = YES;
				CLANG_WARN_INT_CONVERSION = YES;
				CLANG_WARN_OBJC_ROOT_CLASS = YES_ERROR;
				CLANG_WARN_UNREACHABLE_CODE = YES;
				CLANG_WARN__DUPLICATE_METHOD_MATCH = YES;
				"CODE_SIGN_IDENTITY[sdk=iphoneos*]" = "iPhone Developer";
				COPY_PHASE_STRIP = NO;
				DEBUG_INFORMATION_FORMAT = dwarf;
				ENABLE_STRICT_OBJC_MSGSEND = YES;
				ENABLE_TESTABILITY = YES;
				GCC_C_LANGUAGE_STANDARD = gnu99;
				GCC_DYNAMIC_NO_PIC = NO;
				GCC_NO_COMMON_BLOCKS = YES;
				GCC_OPTIMIZATION_LEVEL = 0;
				GCC_PREPROCESSOR_DEFINITIONS = (
					"DEBUG=1",
					"$(inherited)",
				);
				GCC_WARN_64_TO_32_BIT_CONVERSION = YES;
				GCC_WARN_ABOUT_RETURN_TYPE = YES_ERROR;
				GCC_WARN_UNDECLARED_SELECTOR = YES;
				GCC_WARN_UNINITIALIZED_AUTOS = YES_AGGRESSIVE;
				GCC_WARN_UNUSED_FUNCTION = YES;
				GCC_WARN_UNUSED_VARIABLE = YES;
				IPHONEOS_DEPLOYMENT_TARGET = 9.3;
				MTL_ENABLE_DEBUG_INFO = YES;
				ONLY_ACTIVE_ARCH = YES;
				SDKROOT = iphoneos;
			};
			name = Debug;
		};
		0A0D741C1D3524FD00BC5527 /* Release */ = {
			isa = XCBuildConfiguration;
			buildSettings = {
				ALWAYS_SEARCH_USER_PATHS = NO;
				CLANG_ANALYZER_NONNULL = YES;
				CLANG_CXX_LANGUAGE_STANDARD = "gnu++0x";
				CLANG_CXX_LIBRARY = "libc++";
				CLANG_ENABLE_MODULES = YES;
				CLANG_ENABLE_OBJC_ARC = YES;
				CLANG_WARN_BOOL_CONVERSION = YES;
				CLANG_WARN_CONSTANT_CONVERSION = YES;
				CLANG_WARN_DIRECT_OBJC_ISA_USAGE = YES_ERROR;
				CLANG_WARN_EMPTY_BODY = YES;
				CLANG_WARN_ENUM_CONVERSION = YES;
				CLANG_WARN_INT_CONVERSION = YES;
				CLANG_WARN_OBJC_ROOT_CLASS = YES_ERROR;
				CLANG_WARN_UNREACHABLE_CODE = YES;
				CLANG_WARN__DUPLICATE_METHOD_MATCH = YES;
				"CODE_SIGN_IDENTITY[sdk=iphoneos*]" = "iPhone Developer";
				COPY_PHASE_STRIP = NO;
				DEBUG_INFORMATION_FORMAT = "dwarf-with-dsym";
				ENABLE_NS_ASSERTIONS = NO;
				ENABLE_STRICT_OBJC_MSGSEND = YES;
				GCC_C_LANGUAGE_STANDARD = gnu99;
				GCC_NO_COMMON_BLOCKS = YES;
				GCC_WARN_64_TO_32_BIT_CONVERSION = YES;
				GCC_WARN_ABOUT_RETURN_TYPE = YES_ERROR;
				GCC_WARN_UNDECLARED_SELECTOR = YES;
				GCC_WARN_UNINITIALIZED_AUTOS = YES_AGGRESSIVE;
				GCC_WARN_UNUSED_FUNCTION = YES;
				GCC_WARN_UNUSED_VARIABLE = YES;
				IPHONEOS_DEPLOYMENT_TARGET = 9.3;
				MTL_ENABLE_DEBUG_INFO = NO;
				SDKROOT = iphoneos;
				VALIDATE_PRODUCT = YES;
			};
			name = Release;
		};
		0A0D741E1D3524FD00BC5527 /* Debug */ = {
			isa = XCBuildConfiguration;
			buildSettings = {
				ASSETCATALOG_COMPILER_APPICON_NAME = AppIcon;
				INFOPLIST_FILE = KVRecycleBin/Info.plist;
				IPHONEOS_DEPLOYMENT_TARGET = 7.0;
				LD_RUNPATH_SEARCH_PATHS = "$(inherited) @executable_path/Frameworks";
				PRODUCT_BUNDLE_IDENTIFIER = kevin.KVRecycleBin;
				PRODUCT_NAME = "$(TARGET_NAME)";
			};
			name = Debug;
		};
		0A0D741F1D3524FD00BC5527 /* Release */ = {
			isa = XCBuildConfiguration;
			buildSettings = {
				ASSETCATALOG_COMPILER_APPICON_NAME = AppIcon;
				INFOPLIST_FILE = KVRecycleBin/Info.plist;
				IPHONEOS_DEPLOYMENT_TARGET = 7.0;
				LD_RUNPATH_SEARCH_PATHS = "$(inherited) @executable_path/Frameworks";
				PRODUCT_BUNDLE_IDENTIFIER = kevin.KVRecycleBin;
				PRODUCT_NAME = "$(TARGET_NAME)";
			};
			name = Release;
		};
		0A0D74211D3524FD00BC5527 /* Debug */ = {
			isa = XCBuildConfiguration;
			buildSettings = {
				BUNDLE_LOADER = "$(TEST_HOST)";
				INFOPLIST_FILE = KVRecycleBinTests/Info.plist;
				LD_RUNPATH_SEARCH_PATHS = "$(inherited) @executable_path/Frameworks @loader_path/Frameworks";
				PRODUCT_BUNDLE_IDENTIFIER = kevin.KVRecycleBinTests;
				PRODUCT_NAME = "$(TARGET_NAME)";
				TEST_HOST = "$(BUILT_PRODUCTS_DIR)/KVRecycleBin.app/KVRecycleBin";
			};
			name = Debug;
		};
		0A0D74221D3524FD00BC5527 /* Release */ = {
			isa = XCBuildConfiguration;
			buildSettings = {
				BUNDLE_LOADER = "$(TEST_HOST)";
				INFOPLIST_FILE = KVRecycleBinTests/Info.plist;
				LD_RUNPATH_SEARCH_PATHS = "$(inherited) @executable_path/Frameworks @loader_path/Frameworks";
				PRODUCT_BUNDLE_IDENTIFIER = kevin.KVRecycleBinTests;
				PRODUCT_NAME = "$(TARGET_NAME)";
				TEST_HOST = "$(BUILT_PRODUCTS_DIR)/KVRecycleBin.app/KVRecycleBin";
			};
			name = Release;
		};
		0A0D74241D3524FD00BC5527 /* Debug */ = {
			isa = XCBuildConfiguration;
			buildSettings = {
				INFOPLIST_FILE = KVRecycleBinUITests/Info.plist;
				LD_RUNPATH_SEARCH_PATHS = "$(inherited) @executable_path/Frameworks @loader_path/Frameworks";
				PRODUCT_BUNDLE_IDENTIFIER = kevin.KVRecycleBinUITests;
				PRODUCT_NAME = "$(TARGET_NAME)";
				TEST_TARGET_NAME = KVRecycleBin;
			};
			name = Debug;
		};
		0A0D74251D3524FD00BC5527 /* Release */ = {
			isa = XCBuildConfiguration;
			buildSettings = {
				INFOPLIST_FILE = KVRecycleBinUITests/Info.plist;
				LD_RUNPATH_SEARCH_PATHS = "$(inherited) @executable_path/Frameworks @loader_path/Frameworks";
				PRODUCT_BUNDLE_IDENTIFIER = kevin.KVRecycleBinUITests;
				PRODUCT_NAME = "$(TARGET_NAME)";
				TEST_TARGET_NAME = KVRecycleBin;
			};
			name = Release;
		};
/* End XCBuildConfiguration section */

/* Begin XCConfigurationList section */
		0A0D73EB1D3524FC00BC5527 /* Build configuration list for PBXProject "KVRecycleBin" */ = {
			isa = XCConfigurationList;
			buildConfigurations = (
				0A0D741B1D3524FD00BC5527 /* Debug */,
				0A0D741C1D3524FD00BC5527 /* Release */,
			);
			defaultConfigurationIsVisible = 0;
			defaultConfigurationName = Release;
		};
		0A0D741D1D3524FD00BC5527 /* Build configuration list for PBXNativeTarget "KVRecycleBin" */ = {
			isa = XCConfigurationList;
			buildConfigurations = (
				0A0D741E1D3524FD00BC5527 /* Debug */,
				0A0D741F1D3524FD00BC5527 /* Release */,
			);
			defaultConfigurationIsVisible = 0;
		};
		0A0D74201D3524FD00BC5527 /* Build configuration list for PBXNativeTarget "KVRecycleBinTests" */ = {
			isa = XCConfigurationList;
			buildConfigurations = (
				0A0D74211D3524FD00BC5527 /* Debug */,
				0A0D74221D3524FD00BC5527 /* Release */,
			);
			defaultConfigurationIsVisible = 0;
		};
		0A0D74231D3524FD00BC5527 /* Build configuration list for PBXNativeTarget "KVRecycleBinUITests" */ = {
			isa = XCConfigurationList;
			buildConfigurations = (
				0A0D74241D3524FD00BC5527 /* Debug */,
				0A0D74251D3524FD00BC5527 /* Release */,
			);
			defaultConfigurationIsVisible = 0;
		};
/* End XCConfigurationList section */
	};
	rootObject = 0A0D73E81D3524FC00BC5527 /* Project object */;
}
